
Microsoft Visual Studio Solution File, Format Version 12.00
# Visual Studio 15
VisualStudioVersion = 15.0.27703.2018
MinimumVisualStudioVersion = 10.0.40219.1
Project("{FAE04EC0-301F-11D3-BF4B-00C04F79EFBC}") = "ReadRSSFeed", "ReadRSSFeed\ReadRSSFeed.csproj", "{9C23BFDF-4E81-429F-9F6F-B9FCC2642EBB}"
EndProject
Global
	GlobalSection(SolutionConfigurationPlatforms) = preSolution
		Debug|Any CPU = Debug|Any CPU
		Release|Any CPU = Release|Any CPU
	EndGlobalSection
	GlobalSection(ProjectConfigurationPlatforms) = postSolution
		{9C23BFDF-4E81-429F-9F6F-B9FCC2642EBB}.Debug|Any CPU.ActiveCfg = Debug|Any CPU
		{9C23BFDF-4E81-429F-9F6F-B9FCC2642EBB}.Debug|Any CPU.Build.0 = Debug|Any CPU
		{9C23BFDF-4E81-429F-9F6F-B9FCC2642EBB}.Release|Any CPU.ActiveCfg = Release|Any CPU
		{9C23BFDF-4E81-429F-9F6F-B9FCC2642EBB}.Release|Any CPU.Build.0 = Release|Any CPU
	EndGlobalSection
	GlobalSection(SolutionProperties) = preSolution
		HideSolutionNode = FALSE
	EndGlobalSection
	GlobalSection(ExtensibilityGlobals) = postSolution
		SolutionGuid = {4525300E-590E-410B-90C4-53224E897ED0}
	EndGlobalSection
EndGlobal
